{
  "name": "guardianes-datos",
  "version": "0.1.0",
  "lockfileVersion": 3,
  "requires": true,
  "packages": {
    "": {
      "name": "guardianes-datos",
      "version": "0.1.0",
      "dependencies": {
        "guardianes-del-ibera": "file:.."
      }
    },
    "..": {
      "name": "guardianes-del-ibera",
      "version": "0.1.0"
    },
    "node_modules/guardianes-del-ibera": {
      "resolved": "..",
      "link": true
    }
  }
}
